// !$*UTF8*$!
{
	archiveVersion = 1;
	classes = {
	};
	objectVersion = 51;
	objects = {

/* Begin PBXBuildFile section */
		13DBCEA92410A98B00D99014 /* AppDelegate.m in Sources */ = {isa = PBXBuildFile; fileRef = 13DBCEA82410A98B00D99014 /* AppDelegate.m */; };
		13DBCEB42410A98E00D99014 /* Assets.xcassets in Resources */ = {isa = PBXBuildFile; fileRef = 13DBCEB32410A98E00D99014 /* Assets.xcassets */; };
		13DBCEB72410A98E00D99014 /* LaunchScreen.storyboard in Resources */ = {isa = PBXBuildFile; fileRef = 13DBCEB52410A98E00D99014 /* LaunchScreen.storyboard */; };
		13DBCEBA2410A98E00D99014 /* main.m in Sources */ = {isa = PBXBuildFile; fileRef = 13DBCEB92410A98E00D99014 /* main.m */; };
		13DBCEC62410AFC200D99014 /* AppDelegate+CatchCrash.m in Sources */ = {isa = PBXBuildFile; fileRef = 13DBCEC52410AFC200D99014 /* AppDelegate+CatchCrash.m */; };
		13DBCECE2410B09500D99014 /* AppFileManager.m in Sources */ = {isa = PBXBuildFile; fileRef = 13DBCECD2410B09500D99014 /* AppFileManager.m */; };
		13DBCED42410B12A00D99014 /* TelePhoneTextField.m in Sources */ = {isa = PBXBuildFile; fileRef = 13DBCED32410B12A00D99014 /* TelePhoneTextField.m */; };
		13DBCF022410B14900D99014 /* AppCycleScrollview.m in Sources */ = {isa = PBXBuildFile; fileRef = 13DBCEDA2410B14900D99014 /* AppCycleScrollview.m */; };
		13DBCF032410B14900D99014 /* AppPageControl.m in Sources */ = {isa = PBXBuildFile; fileRef = 13DBCEDB2410B14900D99014 /* AppPageControl.m */; };
		13DBCF042410B14900D99014 /* AppCycleCollectionViewCell.m in Sources */ = {isa = PBXBuildFile; fileRef = 13DBCEDC2410B14900D99014 /* AppCycleCollectionViewCell.m */; };
		13DBCF052410B14900D99014 /* AppCycleScrollviewFlowLayout.m in Sources */ = {isa = PBXBuildFile; fileRef = 13DBCEDD2410B14900D99014 /* AppCycleScrollviewFlowLayout.m */; };
		13DBCF062410B14900D99014 /* UIView+AutoLayout.m in Sources */ = {isa = PBXBuildFile; fileRef = 13DBCEDF2410B14900D99014 /* UIView+AutoLayout.m */; };
		13DBCF072410B14900D99014 /* UIScrollView+EmptyDataSet.m in Sources */ = {isa = PBXBuildFile; fileRef = 13DBCEE22410B14900D99014 /* UIScrollView+EmptyDataSet.m */; };
		13DBCF082410B14900D99014 /* Reachability.m in Sources */ = {isa = PBXBuildFile; fileRef = 13DBCEE52410B14900D99014 /* Reachability.m */; };
		13DBCF092410B14900D99014 /* RuntimeTool.m in Sources */ = {isa = PBXBuildFile; fileRef = 13DBCEE82410B14900D99014 /* RuntimeTool.m */; };
		13DBCF0A2410B14900D99014 /* YZModulesMsgSend.m in Sources */ = {isa = PBXBuildFile; fileRef = 13DBCEE92410B14900D99014 /* YZModulesMsgSend.m */; };
		13DBCF0B2410B14900D99014 /* YZBackupMessage.m in Sources */ = {isa = PBXBuildFile; fileRef = 13DBCEEA2410B14900D99014 /* YZBackupMessage.m */; };
		13DBCF0C2410B14900D99014 /* MBHUDToastManager.m in Sources */ = {isa = PBXBuildFile; fileRef = 13DBCEF02410B14900D99014 /* MBHUDToastManager.m */; };
		13DBCF0D2410B14900D99014 /* ZXPageCollectionView.m in Sources */ = {isa = PBXBuildFile; fileRef = 13DBCEF32410B14900D99014 /* ZXPageCollectionView.m */; };
		13DBCF0E2410B14900D99014 /* ZXCategorySliderBar.m in Sources */ = {isa = PBXBuildFile; fileRef = 13DBCEF52410B14900D99014 /* ZXCategorySliderBar.m */; };
		13DBCF0F2410B14900D99014 /* ZXCategoryItemView.xib in Resources */ = {isa = PBXBuildFile; fileRef = 13DBCEF62410B14900D99014 /* ZXCategoryItemView.xib */; };
		13DBCF102410B14900D99014 /* ZXCategoryItemView.m in Sources */ = {isa = PBXBuildFile; fileRef = 13DBCEF72410B14900D99014 /* ZXCategoryItemView.m */; };
		13DBCF112410B14900D99014 /* AppWriteLogToFile.m in Sources */ = {isa = PBXBuildFile; fileRef = 13DBCEFD2410B14900D99014 /* AppWriteLogToFile.m */; };
		13DBCF122410B14900D99014 /* AppWriteLogGetDate.m in Sources */ = {isa = PBXBuildFile; fileRef = 13DBCEFE2410B14900D99014 /* AppWriteLogGetDate.m */; };
		13DBCF132410B14900D99014 /* AppWriteLogGetFile.m in Sources */ = {isa = PBXBuildFile; fileRef = 13DBCEFF2410B14900D99014 /* AppWriteLogGetFile.m */; };
		13DBCF142410B14900D99014 /* AppLogFileDate.m in Sources */ = {isa = PBXBuildFile; fileRef = 13DBCF012410B14900D99014 /* AppLogFileDate.m */; };
		13DBCF382410B15500D99014 /* UIApplication+TopController.m in Sources */ = {isa = PBXBuildFile; fileRef = 13DBCF162410B15500D99014 /* UIApplication+TopController.m */; };
		13DBCF392410B15500D99014 /* UIPickerView+MalPicker.m in Sources */ = {isa = PBXBuildFile; fileRef = 13DBCF192410B15500D99014 /* UIPickerView+MalPicker.m */; };
		13DBCF3A2410B15500D99014 /* UITextField+customView.m in Sources */ = {isa = PBXBuildFile; fileRef = 13DBCF1A2410B15500D99014 /* UITextField+customView.m */; };
		13DBCF3B2410B15500D99014 /* UIView+GetSuperVC.m in Sources */ = {isa = PBXBuildFile; fileRef = 13DBCF1B2410B15500D99014 /* UIView+GetSuperVC.m */; };
		13DBCF3C2410B15500D99014 /* NSObject+FileCache.m in Sources */ = {isa = PBXBuildFile; fileRef = 13DBCF1C2410B15500D99014 /* NSObject+FileCache.m */; };
		13DBCF3D2410B15500D99014 /* UITextField+ToolBar.m in Sources */ = {isa = PBXBuildFile; fileRef = 13DBCF1E2410B15500D99014 /* UITextField+ToolBar.m */; };
		13DBCF3E2410B15500D99014 /* UIViewController+Navigation.m in Sources */ = {isa = PBXBuildFile; fileRef = 13DBCF1F2410B15500D99014 /* UIViewController+Navigation.m */; };
		13DBCF3F2410B15500D99014 /* NSObject+Observer.m in Sources */ = {isa = PBXBuildFile; fileRef = 13DBCF212410B15500D99014 /* NSObject+Observer.m */; };
		13DBCF402410B15500D99014 /* UIButton+Timer.m in Sources */ = {isa = PBXBuildFile; fileRef = 13DBCF252410B15500D99014 /* UIButton+Timer.m */; };
		13DBCF412410B15500D99014 /* NSString+JSEscape.m in Sources */ = {isa = PBXBuildFile; fileRef = 13DBCF262410B15500D99014 /* NSString+JSEscape.m */; };
		13DBCF422410B15500D99014 /* UIControl+EventInterval.m in Sources */ = {isa = PBXBuildFile; fileRef = 13DBCF292410B15500D99014 /* UIControl+EventInterval.m */; };
		13DBCF432410B15500D99014 /* NSString+Extension.m in Sources */ = {isa = PBXBuildFile; fileRef = 13DBCF2A2410B15500D99014 /* NSString+Extension.m */; };
		13DBCF442410B15500D99014 /* NSObject+Time.m in Sources */ = {isa = PBXBuildFile; fileRef = 13DBCF2D2410B15500D99014 /* NSObject+Time.m */; };
		13DBCF452410B15500D99014 /* UIButton+CustomBtn.m in Sources */ = {isa = PBXBuildFile; fileRef = 13DBCF332410B15500D99014 /* UIButton+CustomBtn.m */; };
		13DBCF462410B15500D99014 /* UIView+Radius.m in Sources */ = {isa = PBXBuildFile; fileRef = 13DBCF342410B15500D99014 /* UIView+Radius.m */; };
		13DBCF472410B15500D99014 /* UINavigationController+NavigationBar.m in Sources */ = {isa = PBXBuildFile; fileRef = 13DBCF352410B15500D99014 /* UINavigationController+NavigationBar.m */; };
		13DBCF482410B15500D99014 /* UIViewController+VCJump.m in Sources */ = {isa = PBXBuildFile; fileRef = 13DBCF372410B15500D99014 /* UIViewController+VCJump.m */; };
		13DBCF542410B4A000D99014 /* MPMainViewController.m in Sources */ = {isa = PBXBuildFile; fileRef = 13DBCF522410B4A000D99014 /* MPMainViewController.m */; };
		13DBCF552410B4A000D99014 /* MPMainViewController.xib in Resources */ = {isa = PBXBuildFile; fileRef = 13DBCF532410B4A000D99014 /* MPMainViewController.xib */; };
		FB540BA09796F7EAD57C3550 /* Pods_MeiPian.framework in Frameworks */ = {isa = PBXBuildFile; fileRef = D9FA7FBBA9430BAC7FDDE84E /* Pods_MeiPian.framework */; };
/* End PBXBuildFile section */

/* Begin PBXFileReference section */
		13DBCEA42410A98B00D99014 /* MeiPian.app */ = {isa = PBXFileReference; explicitFileType = wrapper.application; includeInIndex = 0; path = MeiPian.app; sourceTree = BUILT_PRODUCTS_DIR; };
		13DBCEA72410A98B00D99014 /* AppDelegate.h */ = {isa = PBXFileReference; lastKnownFileType = sourcecode.c.h; path = AppDelegate.h; sourceTree = "<group>"; };
		13DBCEA82410A98B00D99014 /* AppDelegate.m */ = {isa = PBXFileReference; lastKnownFileType = sourcecode.c.objc; path = AppDelegate.m; sourceTree = "<group>"; };
		13DBCEB32410A98E00D99014 /* Assets.xcassets */ = {isa = PBXFileReference; lastKnownFileType = folder.assetcatalog; path = Assets.xcassets; sourceTree = "<group>"; };
		13DBCEB62410A98E00D99014 /* Base */ = {isa = PBXFileReference; lastKnownFileType = file.storyboard; name = Base; path = Base.lproj/LaunchScreen.storyboard; sourceTree = "<group>"; };
		13DBCEB82410A98E00D99014 /* Info.plist */ = {isa = PBXFileReference; lastKnownFileType = text.plist.xml; path = Info.plist; sourceTree = "<group>"; };
		13DBCEB92410A98E00D99014 /* main.m */ = {isa = PBXFileReference; lastKnownFileType = sourcecode.c.objc; path = main.m; sourceTree = "<group>"; };
		13DBCEC32410ABF000D99014 /* PrefixHeader.pch */ = {isa = PBXFileReference; lastKnownFileType = sourcecode.c.h; path = PrefixHeader.pch; sourceTree = "<group>"; };
		13DBCEC42410AFC200D99014 /* AppDelegate+CatchCrash.h */ = {isa = PBXFileReference; lastKnownFileType = sourcecode.c.h; path = "AppDelegate+CatchCrash.h"; sourceTree = "<group>"; };
		13DBCEC52410AFC200D99014 /* AppDelegate+CatchCrash.m */ = {isa = PBXFileReference; lastKnownFileType = sourcecode.c.objc; path = "AppDelegate+CatchCrash.m"; sourceTree = "<group>"; };
		13DBCECC2410B09500D99014 /* AppFileManager.h */ = {isa = PBXFileReference; fileEncoding = 4; lastKnownFileType = sourcecode.c.h; path = AppFileManager.h; sourceTree = "<group>"; };
		13DBCECD2410B09500D99014 /* AppFileManager.m */ = {isa = PBXFileReference; fileEncoding = 4; lastKnownFileType = sourcecode.c.objc; path = AppFileManager.m; sourceTree = "<group>"; };
		13DBCED02410B0B000D99014 /* CommodHeader.h */ = {isa = PBXFileReference; fileEncoding = 4; lastKnownFileType = sourcecode.c.h; path = CommodHeader.h; sourceTree = "<group>"; };
		13DBCED22410B12A00D99014 /* TelePhoneTextField.h */ = {isa = PBXFileReference; fileEncoding = 4; lastKnownFileType = sourcecode.c.h; path = TelePhoneTextField.h; sourceTree = "<group>"; };
		13DBCED32410B12A00D99014 /* TelePhoneTextField.m */ = {isa = PBXFileReference; fileEncoding = 4; lastKnownFileType = sourcecode.c.objc; path = TelePhoneTextField.m; sourceTree = "<group>"; };
		13DBCED62410B14900D99014 /* AppCycleScrollview.h */ = {isa = PBXFileReference; fileEncoding = 4; lastKnownFileType = sourcecode.c.h; path = AppCycleScrollview.h; sourceTree = "<group>"; };
		13DBCED72410B14900D99014 /* AppPageControl.h */ = {isa = PBXFileReference; fileEncoding = 4; lastKnownFileType = sourcecode.c.h; path = AppPageControl.h; sourceTree = "<group>"; };
		13DBCED82410B14900D99014 /* AppCycleCollectionViewCell.h */ = {isa = PBXFileReference; fileEncoding = 4; lastKnownFileType = sourcecode.c.h; path = AppCycleCollectionViewCell.h; sourceTree = "<group>"; };
		13DBCED92410B14900D99014 /* AppCycleScrollviewFlowLayout.h */ = {isa = PBXFileReference; fileEncoding = 4; lastKnownFileType = sourcecode.c.h; path = AppCycleScrollviewFlowLayout.h; sourceTree = "<group>"; };
		13DBCEDA2410B14900D99014 /* AppCycleScrollview.m */ = {isa = PBXFileReference; fileEncoding = 4; lastKnownFileType = sourcecode.c.objc; path = AppCycleScrollview.m; sourceTree = "<group>"; };
		13DBCEDB2410B14900D99014 /* AppPageControl.m */ = {isa = PBXFileReference; fileEncoding = 4; lastKnownFileType = sourcecode.c.objc; path = AppPageControl.m; sourceTree = "<group>"; };
		13DBCEDC2410B14900D99014 /* AppCycleCollectionViewCell.m */ = {isa = PBXFileReference; fileEncoding = 4; lastKnownFileType = sourcecode.c.objc; path = AppCycleCollectionViewCell.m; sourceTree = "<group>"; };
		13DBCEDD2410B14900D99014 /* AppCycleScrollviewFlowLayout.m */ = {isa = PBXFileReference; fileEncoding = 4; lastKnownFileType = sourcecode.c.objc; path = AppCycleScrollviewFlowLayout.m; sourceTree = "<group>"; };
		13DBCEDF2410B14900D99014 /* UIView+AutoLayout.m */ = {isa = PBXFileReference; fileEncoding = 4; lastKnownFileType = sourcecode.c.objc; path = "UIView+AutoLayout.m"; sourceTree = "<group>"; };
		13DBCEE02410B14900D99014 /* UIView+AutoLayout.h */ = {isa = PBXFileReference; fileEncoding = 4; lastKnownFileType = sourcecode.c.h; path = "UIView+AutoLayout.h"; sourceTree = "<group>"; };
		13DBCEE22410B14900D99014 /* UIScrollView+EmptyDataSet.m */ = {isa = PBXFileReference; fileEncoding = 4; lastKnownFileType = sourcecode.c.objc; path = "UIScrollView+EmptyDataSet.m"; sourceTree = "<group>"; };
		13DBCEE32410B14900D99014 /* UIScrollView+EmptyDataSet.h */ = {isa = PBXFileReference; fileEncoding = 4; lastKnownFileType = sourcecode.c.h; path = "UIScrollView+EmptyDataSet.h"; sourceTree = "<group>"; };
		13DBCEE52410B14900D99014 /* Reachability.m */ = {isa = PBXFileReference; fileEncoding = 4; lastKnownFileType = sourcecode.c.objc; path = Reachability.m; sourceTree = "<group>"; };
		13DBCEE62410B14900D99014 /* Reachability.h */ = {isa = PBXFileReference; fileEncoding = 4; lastKnownFileType = sourcecode.c.h; path = Reachability.h; sourceTree = "<group>"; };
		13DBCEE82410B14900D99014 /* RuntimeTool.m */ = {isa = PBXFileReference; fileEncoding = 4; lastKnownFileType = sourcecode.c.objc; path = RuntimeTool.m; sourceTree = "<group>"; };
		13DBCEE92410B14900D99014 /* YZModulesMsgSend.m */ = {isa = PBXFileReference; fileEncoding = 4; lastKnownFileType = sourcecode.c.objc; path = YZModulesMsgSend.m; sourceTree = "<group>"; };
		13DBCEEA2410B14900D99014 /* YZBackupMessage.m */ = {isa = PBXFileReference; fileEncoding = 4; lastKnownFileType = sourcecode.c.objc; path = YZBackupMessage.m; sourceTree = "<group>"; };
		13DBCEEB2410B14900D99014 /* RuntimeTool.h */ = {isa = PBXFileReference; fileEncoding = 4; lastKnownFileType = sourcecode.c.h; path = RuntimeTool.h; sourceTree = "<group>"; };
		13DBCEEC2410B14900D99014 /* YZBackupMessage.h */ = {isa = PBXFileReference; fileEncoding = 4; lastKnownFileType = sourcecode.c.h; path = YZBackupMessage.h; sourceTree = "<group>"; };
		13DBCEED2410B14900D99014 /* YZModulesMsgSend.h */ = {isa = PBXFileReference; fileEncoding = 4; lastKnownFileType = sourcecode.c.h; path = YZModulesMsgSend.h; sourceTree = "<group>"; };
		13DBCEEF2410B14900D99014 /* MBHUDToastManager.h */ = {isa = PBXFileReference; fileEncoding = 4; lastKnownFileType = sourcecode.c.h; path = MBHUDToastManager.h; sourceTree = "<group>"; };
		13DBCEF02410B14900D99014 /* MBHUDToastManager.m */ = {isa = PBXFileReference; fileEncoding = 4; lastKnownFileType = sourcecode.c.objc; path = MBHUDToastManager.m; sourceTree = "<group>"; };
		13DBCEF22410B14900D99014 /* ZXCategorySliderBar.h */ = {isa = PBXFileReference; fileEncoding = 4; lastKnownFileType = sourcecode.c.h; path = ZXCategorySliderBar.h; sourceTree = "<group>"; };
		13DBCEF32410B14900D99014 /* ZXPageCollectionView.m */ = {isa = PBXFileReference; fileEncoding = 4; lastKnownFileType = sourcecode.c.objc; path = ZXPageCollectionView.m; sourceTree = "<group>"; };
		13DBCEF42410B14900D99014 /* ZXCategoryItemView.h */ = {isa = PBXFileReference; fileEncoding = 4; lastKnownFileType = sourcecode.c.h; path = ZXCategoryItemView.h; sourceTree = "<group>"; };
		13DBCEF52410B14900D99014 /* ZXCategorySliderBar.m */ = {isa = PBXFileReference; fileEncoding = 4; lastKnownFileType = sourcecode.c.objc; path = ZXCategorySliderBar.m; sourceTree = "<group>"; };
		13DBCEF62410B14900D99014 /* ZXCategoryItemView.xib */ = {isa = PBXFileReference; fileEncoding = 4; lastKnownFileType = file.xib; path = ZXCategoryItemView.xib; sourceTree = "<group>"; };
		13DBCEF72410B14900D99014 /* ZXCategoryItemView.m */ = {isa = PBXFileReference; fileEncoding = 4; lastKnownFileType = sourcecode.c.objc; path = ZXCategoryItemView.m; sourceTree = "<group>"; };
		13DBCEF82410B14900D99014 /* ZXPageCollectionView.h */ = {isa = PBXFileReference; fileEncoding = 4; lastKnownFileType = sourcecode.c.h; path = ZXPageCollectionView.h; sourceTree = "<group>"; };
		13DBCEFA2410B14900D99014 /* AppWriteLogGetFile.h */ = {isa = PBXFileReference; fileEncoding = 4; lastKnownFileType = sourcecode.c.h; path = AppWriteLogGetFile.h; sourceTree = "<group>"; };
		13DBCEFB2410B14900D99014 /* AppWriteLogGetDate.h */ = {isa = PBXFileReference; fileEncoding = 4; lastKnownFileType = sourcecode.c.h; path = AppWriteLogGetDate.h; sourceTree = "<group>"; };
		13DBCEFC2410B14900D99014 /* AppLogFileDate.h */ = {isa = PBXFileReference; fileEncoding = 4; lastKnownFileType = sourcecode.c.h; path = AppLogFileDate.h; sourceTree = "<group>"; };
		13DBCEFD2410B14900D99014 /* AppWriteLogToFile.m */ = {isa = PBXFileReference; fileEncoding = 4; lastKnownFileType = sourcecode.c.objc; path = AppWriteLogToFile.m; sourceTree = "<group>"; };
		13DBCEFE2410B14900D99014 /* AppWriteLogGetDate.m */ = {isa = PBXFileReference; fileEncoding = 4; lastKnownFileType = sourcecode.c.objc; path = AppWriteLogGetDate.m; sourceTree = "<group>"; };
		13DBCEFF2410B14900D99014 /* AppWriteLogGetFile.m */ = {isa = PBXFileReference; fileEncoding = 4; lastKnownFileType = sourcecode.c.objc; path = AppWriteLogGetFile.m; sourceTree = "<group>"; };
		13DBCF002410B14900D99014 /* AppWriteLogToFile.h */ = {isa = PBXFileReference; fileEncoding = 4; lastKnownFileType = sourcecode.c.h; path = AppWriteLogToFile.h; sourceTree = "<group>"; };
		13DBCF012410B14900D99014 /* AppLogFileDate.m */ = {isa = PBXFileReference; fileEncoding = 4; lastKnownFileType = sourcecode.c.objc; path = AppLogFileDate.m; sourceTree = "<group>"; };
		13DBCF162410B15500D99014 /* UIApplication+TopController.m */ = {isa = PBXFileReference; fileEncoding = 4; lastKnownFileType = sourcecode.c.objc; path = "UIApplication+TopController.m"; sourceTree = "<group>"; };
		13DBCF172410B15500D99014 /* NSString+Extension.h */ = {isa = PBXFileReference; fileEncoding = 4; lastKnownFileType = sourcecode.c.h; path = "NSString+Extension.h"; sourceTree = "<group>"; };
		13DBCF182410B15500D99014 /* UIControl+EventInterval.h */ = {isa = PBXFileReference; fileEncoding = 4; lastKnownFileType = sourcecode.c.h; path = "UIControl+EventInterval.h"; sourceTree = "<group>"; };
		13DBCF192410B15500D99014 /* UIPickerView+MalPicker.m */ = {isa = PBXFileReference; fileEncoding = 4; lastKnownFileType = sourcecode.c.objc; path = "UIPickerView+MalPicker.m"; sourceTree = "<group>"; };
		13DBCF1A2410B15500D99014 /* UITextField+customView.m */ = {isa = PBXFileReference; fileEncoding = 4; lastKnownFileType = sourcecode.c.objc; path = "UITextField+customView.m"; sourceTree = "<group>"; };
		13DBCF1B2410B15500D99014 /* UIView+GetSuperVC.m */ = {isa = PBXFileReference; fileEncoding = 4; lastKnownFileType = sourcecode.c.objc; path = "UIView+GetSuperVC.m"; sourceTree = "<group>"; };
		13DBCF1C2410B15500D99014 /* NSObject+FileCache.m */ = {isa = PBXFileReference; fileEncoding = 4; lastKnownFileType = sourcecode.c.objc; path = "NSObject+FileCache.m"; sourceTree = "<group>"; };
		13DBCF1D2410B15500D99014 /* NSObject+Time.h */ = {isa = PBXFileReference; fileEncoding = 4; lastKnownFileType = sourcecode.c.h; path = "NSObject+Time.h"; sourceTree = "<group>"; };
		13DBCF1E2410B15500D99014 /* UITextField+ToolBar.m */ = {isa = PBXFileReference; fileEncoding = 4; lastKnownFileType = sourcecode.c.objc; path = "UITextField+ToolBar.m"; sourceTree = "<group>"; };
		13DBCF1F2410B15500D99014 /* UIViewController+Navigation.m */ = {isa = PBXFileReference; fileEncoding = 4; lastKnownFileType = sourcecode.c.objc; path = "UIViewController+Navigation.m"; sourceTree = "<group>"; };
		13DBCF202410B15500D99014 /* UIViewController+VCJump.h */ = {isa = PBXFileReference; fileEncoding = 4; lastKnownFileType = sourcecode.c.h; path = "UIViewController+VCJump.h"; sourceTree = "<group>"; };
		13DBCF212410B15500D99014 /* NSObject+Observer.m */ = {isa = PBXFileReference; fileEncoding = 4; lastKnownFileType = sourcecode.c.objc; path = "NSObject+Observer.m"; sourceTree = "<group>"; };
		13DBCF222410B15500D99014 /* UINavigationController+NavigationBar.h */ = {isa = PBXFileReference; fileEncoding = 4; lastKnownFileType = sourcecode.c.h; path = "UINavigationController+NavigationBar.h"; sourceTree = "<group>"; };
		13DBCF232410B15500D99014 /* UIView+Radius.h */ = {isa = PBXFileReference; fileEncoding = 4; lastKnownFileType = sourcecode.c.h; path = "UIView+Radius.h"; sourceTree = "<group>"; };
		13DBCF242410B15500D99014 /* UIButton+CustomBtn.h */ = {isa = PBXFileReference; fileEncoding = 4; lastKnownFileType = sourcecode.c.h; path = "UIButton+CustomBtn.h"; sourceTree = "<group>"; };
		13DBCF252410B15500D99014 /* UIButton+Timer.m */ = {isa = PBXFileReference; fileEncoding = 4; lastKnownFileType = sourcecode.c.objc; path = "UIButton+Timer.m"; sourceTree = "<group>"; };
		13DBCF262410B15500D99014 /* NSString+JSEscape.m */ = {isa = PBXFileReference; fileEncoding = 4; lastKnownFileType = sourcecode.c.objc; path = "NSString+JSEscape.m"; sourceTree = "<group>"; };
		13DBCF272410B15500D99014 /* UIApplication+TopController.h */ = {isa = PBXFileReference; fileEncoding = 4; lastKnownFileType = sourcecode.c.h; path = "UIApplication+TopController.h"; sourceTree = "<group>"; };
		13DBCF282410B15500D99014 /* UIPickerView+MalPicker.h */ = {isa = PBXFileReference; fileEncoding = 4; lastKnownFileType = sourcecode.c.h; path = "UIPickerView+MalPicker.h"; sourceTree = "<group>"; };
		13DBCF292410B15500D99014 /* UIControl+EventInterval.m */ = {isa = PBXFileReference; fileEncoding = 4; lastKnownFileType = sourcecode.c.objc; path = "UIControl+EventInterval.m"; sourceTree = "<group>"; };
		13DBCF2A2410B15500D99014 /* NSString+Extension.m */ = {isa = PBXFileReference; fileEncoding = 4; lastKnownFileType = sourcecode.c.objc; path = "NSString+Extension.m"; sourceTree = "<group>"; };
		13DBCF2B2410B15500D99014 /* UIViewController+Navigation.h */ = {isa = PBXFileReference; fileEncoding = 4; lastKnownFileType = sourcecode.c.h; path = "UIViewController+Navigation.h"; sourceTree = "<group>"; };
		13DBCF2C2410B15500D99014 /* UITextField+ToolBar.h */ = {isa = PBXFileReference; fileEncoding = 4; lastKnownFileType = sourcecode.c.h; path = "UITextField+ToolBar.h"; sourceTree = "<group>"; };
		13DBCF2D2410B15500D99014 /* NSObject+Time.m */ = {isa = PBXFileReference; fileEncoding = 4; lastKnownFileType = sourcecode.c.objc; path = "NSObject+Time.m"; sourceTree = "<group>"; };
		13DBCF2E2410B15500D99014 /* NSObject+FileCache.h */ = {isa = PBXFileReference; fileEncoding = 4; lastKnownFileType = sourcecode.c.h; path = "NSObject+FileCache.h"; sourceTree = "<group>"; };
		13DBCF2F2410B15500D99014 /* UITextField+customView.h */ = {isa = PBXFileReference; fileEncoding = 4; lastKnownFileType = sourcecode.c.h; path = "UITextField+customView.h"; sourceTree = "<group>"; };
		13DBCF302410B15500D99014 /* UIView+GetSuperVC.h */ = {isa = PBXFileReference; fileEncoding = 4; lastKnownFileType = sourcecode.c.h; path = "UIView+GetSuperVC.h"; sourceTree = "<group>"; };
		13DBCF312410B15500D99014 /* NSString+JSEscape.h */ = {isa = PBXFileReference; fileEncoding = 4; lastKnownFileType = sourcecode.c.h; path = "NSString+JSEscape.h"; sourceTree = "<group>"; };
		13DBCF322410B15500D99014 /* UIButton+Timer.h */ = {isa = PBXFileReference; fileEncoding = 4; lastKnownFileType = sourcecode.c.h; path = "UIButton+Timer.h"; sourceTree = "<group>"; };
		13DBCF332410B15500D99014 /* UIButton+CustomBtn.m */ = {isa = PBXFileReference; fileEncoding = 4; lastKnownFileType = sourcecode.c.objc; path = "UIButton+CustomBtn.m"; sourceTree = "<group>"; };
		13DBCF342410B15500D99014 /* UIView+Radius.m */ = {isa = PBXFileReference; fileEncoding = 4; lastKnownFileType = sourcecode.c.objc; path = "UIView+Radius.m"; sourceTree = "<group>"; };
		13DBCF352410B15500D99014 /* UINavigationController+NavigationBar.m */ = {isa = PBXFileReference; fileEncoding = 4; lastKnownFileType = sourcecode.c.objc; path = "UINavigationController+NavigationBar.m"; sourceTree = "<group>"; };
		13DBCF362410B15500D99014 /* NSObject+Observer.h */ = {isa = PBXFileReference; fileEncoding = 4; lastKnownFileType = sourcecode.c.h; path = "NSObject+Observer.h"; sourceTree = "<group>"; };
		13DBCF372410B15500D99014 /* UIViewController+VCJump.m */ = {isa = PBXFileReference; fileEncoding = 4; lastKnownFileType = sourcecode.c.objc; path = "UIViewController+VCJump.m"; sourceTree = "<group>"; };
		13DBCF492410B22100D99014 /* MacroDefinitionHeader.h */ = {isa = PBXFileReference; lastKnownFileType = sourcecode.c.h; path = MacroDefinitionHeader.h; sourceTree = "<group>"; };
		13DBCF512410B4A000D99014 /* MPMainViewController.h */ = {isa = PBXFileReference; lastKnownFileType = sourcecode.c.h; path = MPMainViewController.h; sourceTree = "<group>"; };
		13DBCF522410B4A000D99014 /* MPMainViewController.m */ = {isa = PBXFileReference; lastKnownFileType = sourcecode.c.objc; path = MPMainViewController.m; sourceTree = "<group>"; };
		13DBCF532410B4A000D99014 /* MPMainViewController.xib */ = {isa = PBXFileReference; lastKnownFileType = file.xib; path = MPMainViewController.xib; sourceTree = "<group>"; };
		D9FA7FBBA9430BAC7FDDE84E /* Pods_MeiPian.framework */ = {isa = PBXFileReference; explicitFileType = wrapper.framework; includeInIndex = 0; path = Pods_MeiPian.framework; sourceTree = BUILT_PRODUCTS_DIR; };
		DBC2C69CDB1617B584547302 /* Pods-MeiPian.debug.xcconfig */ = {isa = PBXFileReference; includeInIndex = 1; lastKnownFileType = text.xcconfig; name = "Pods-MeiPian.debug.xcconfig"; path = "Target Support Files/Pods-MeiPian/Pods-MeiPian.debug.xcconfig"; sourceTree = "<group>"; };
		ED8F50901CA41EECD63E57EC /* Pods-MeiPian.release.xcconfig */ = {isa = PBXFileReference; includeInIndex = 1; lastKnownFileType = text.xcconfig; name = "Pods-MeiPian.release.xcconfig"; path = "Target Support Files/Pods-MeiPian/Pods-MeiPian.release.xcconfig"; sourceTree = "<group>"; };
/* End PBXFileReference section */

/* Begin PBXFrameworksBuildPhase section */
		13DBCEA12410A98B00D99014 /* Frameworks */ = {
			isa = PBXFrameworksBuildPhase;
			buildActionMask = 2147483647;
			files = (
				FB540BA09796F7EAD57C3550 /* Pods_MeiPian.framework in Frameworks */,
			);
			runOnlyForDeploymentPostprocessing = 0;
		};
/* End PBXFrameworksBuildPhase section */

/* Begin PBXGroup section */
		13DBCE9B2410A98B00D99014 = {
			isa = PBXGroup;
			children = (
				13DBCEA62410A98B00D99014 /* MeiPian */,
				13DBCEA52410A98B00D99014 /* Products */,
				389C1036CA752CAFA5B88110 /* Pods */,
				14F794EDC6E732A7C804EA9E /* Frameworks */,
			);
			sourceTree = "<group>";
		};
		13DBCEA52410A98B00D99014 /* Products */ = {
			isa = PBXGroup;
			children = (
				13DBCEA42410A98B00D99014 /* MeiPian.app */,
			);
			name = Products;
			sourceTree = "<group>";
		};
		13DBCEA62410A98B00D99014 /* MeiPian */ = {
			isa = PBXGroup;
			children = (
				13DBCEC02410AB3B00D99014 /* AppDelegate */,
				13DBCEC72410B06300D99014 /* Classes */,
				13DBCEC22410AB7200D99014 /* ProjectSupportFiles */,
				13DBCEC12410AB4F00D99014 /* Resource */,
			);
			path = MeiPian;
			sourceTree = "<group>";
		};
		13DBCEC02410AB3B00D99014 /* AppDelegate */ = {
			isa = PBXGroup;
			children = (
				13DBCEA72410A98B00D99014 /* AppDelegate.h */,
				13DBCEA82410A98B00D99014 /* AppDelegate.m */,
				13DBCEC42410AFC200D99014 /* AppDelegate+CatchCrash.h */,
				13DBCEC52410AFC200D99014 /* AppDelegate+CatchCrash.m */,
			);
			path = AppDelegate;
			sourceTree = "<group>";
		};
		13DBCEC12410AB4F00D99014 /* Resource */ = {
			isa = PBXGroup;
			children = (
				13DBCEB32410A98E00D99014 /* Assets.xcassets */,
			);
			path = Resource;
			sourceTree = "<group>";
		};
		13DBCEC22410AB7200D99014 /* ProjectSupportFiles */ = {
			isa = PBXGroup;
			children = (
				13DBCEB52410A98E00D99014 /* LaunchScreen.storyboard */,
				13DBCEB82410A98E00D99014 /* Info.plist */,
				13DBCEB92410A98E00D99014 /* main.m */,
				13DBCEC32410ABF000D99014 /* PrefixHeader.pch */,
			);
			path = ProjectSupportFiles;
			sourceTree = "<group>";
		};
		13DBCEC72410B06300D99014 /* Classes */ = {
			isa = PBXGroup;
			children = (
				13DBCF4A2410B29900D99014 /* Base */,
				13DBCF152410B15500D99014 /* Category */,
				13DBCECF2410B09F00D99014 /* Macro */,
				13DBCF4B2410B2A000D99014 /* Modules */,
				13DBCEC82410B07600D99014 /* Other */,
				13DBCEC92410B07D00D99014 /* Tool */,
				13DBCECA2410B08400D99014 /* Vender */,
			);
			path = Classes;
			sourceTree = "<group>";
		};
		13DBCEC82410B07600D99014 /* Other */ = {
			isa = PBXGroup;
			children = (
			);
			path = Other;
			sourceTree = "<group>";
		};
		13DBCEC92410B07D00D99014 /* Tool */ = {
			isa = PBXGroup;
			children = (
				13DBCED12410B12A00D99014 /* CustomTextFiled */,
				13DBCECB2410B09500D99014 /* AppFileManager */,
			);
			path = Tool;
			sourceTree = "<group>";
		};
		13DBCECA2410B08400D99014 /* Vender */ = {
			isa = PBXGroup;
			children = (
				13DBCED52410B14900D99014 /* APPLoopPage */,
				13DBCEF92410B14900D99014 /* AppWriteLogFile */,
				13DBCEE12410B14900D99014 /* EmptyListView */,
				13DBCEE72410B14900D99014 /* ModulesMsgSend */,
				13DBCEDE2410B14900D99014 /* PureLayout */,
				13DBCEE42410B14900D99014 /* Reachability */,
				13DBCEEE2410B14900D99014 /* Toast */,
				13DBCEF12410B14900D99014 /* ZXScrollPageView */,
			);
			path = Vender;
			sourceTree = "<group>";
		};
		13DBCECB2410B09500D99014 /* AppFileManager */ = {
			isa = PBXGroup;
			children = (
				13DBCECC2410B09500D99014 /* AppFileManager.h */,
				13DBCECD2410B09500D99014 /* AppFileManager.m */,
			);
			path = AppFileManager;
			sourceTree = "<group>";
		};
		13DBCECF2410B09F00D99014 /* Macro */ = {
			isa = PBXGroup;
			children = (
				13DBCF492410B22100D99014 /* MacroDefinitionHeader.h */,
				13DBCED02410B0B000D99014 /* CommodHeader.h */,
			);
			path = Macro;
			sourceTree = "<group>";
		};
		13DBCED12410B12A00D99014 /* CustomTextFiled */ = {
			isa = PBXGroup;
			children = (
				13DBCED22410B12A00D99014 /* TelePhoneTextField.h */,
				13DBCED32410B12A00D99014 /* TelePhoneTextField.m */,
			);
			path = CustomTextFiled;
			sourceTree = "<group>";
		};
		13DBCED52410B14900D99014 /* APPLoopPage */ = {
			isa = PBXGroup;
			children = (
				13DBCED62410B14900D99014 /* AppCycleScrollview.h */,
				13DBCED72410B14900D99014 /* AppPageControl.h */,
				13DBCED82410B14900D99014 /* AppCycleCollectionViewCell.h */,
				13DBCED92410B14900D99014 /* AppCycleScrollviewFlowLayout.h */,
				13DBCEDA2410B14900D99014 /* AppCycleScrollview.m */,
				13DBCEDB2410B14900D99014 /* AppPageControl.m */,
				13DBCEDC2410B14900D99014 /* AppCycleCollectionViewCell.m */,
				13DBCEDD2410B14900D99014 /* AppCycleScrollviewFlowLayout.m */,
			);
			path = APPLoopPage;
			sourceTree = "<group>";
		};
		13DBCEDE2410B14900D99014 /* PureLayout */ = {
			isa = PBXGroup;
			children = (
				13DBCEDF2410B14900D99014 /* UIView+AutoLayout.m */,
				13DBCEE02410B14900D99014 /* UIView+AutoLayout.h */,
			);
			path = PureLayout;
			sourceTree = "<group>";
		};
		13DBCEE12410B14900D99014 /* EmptyListView */ = {
			isa = PBXGroup;
			children = (
				13DBCEE22410B14900D99014 /* UIScrollView+EmptyDataSet.m */,
				13DBCEE32410B14900D99014 /* UIScrollView+EmptyDataSet.h */,
			);
			path = EmptyListView;
			sourceTree = "<group>";
		};
		13DBCEE42410B14900D99014 /* Reachability */ = {
			isa = PBXGroup;
			children = (
				13DBCEE52410B14900D99014 /* Reachability.m */,
				13DBCEE62410B14900D99014 /* Reachability.h */,
			);
			path = Reachability;
			sourceTree = "<group>";
		};
		13DBCEE72410B14900D99014 /* ModulesMsgSend */ = {
			isa = PBXGroup;
			children = (
				13DBCEE82410B14900D99014 /* RuntimeTool.m */,
				13DBCEE92410B14900D99014 /* YZModulesMsgSend.m */,
				13DBCEEA2410B14900D99014 /* YZBackupMessage.m */,
				13DBCEEB2410B14900D99014 /* RuntimeTool.h */,
				13DBCEEC2410B14900D99014 /* YZBackupMessage.h */,
				13DBCEED2410B14900D99014 /* YZModulesMsgSend.h */,
			);
			path = ModulesMsgSend;
			sourceTree = "<group>";
		};
		13DBCEEE2410B14900D99014 /* Toast */ = {
			isa = PBXGroup;
			children = (
				13DBCEEF2410B14900D99014 /* MBHUDToastManager.h */,
				13DBCEF02410B14900D99014 /* MBHUDToastManager.m */,
			);
			path = Toast;
			sourceTree = "<group>";
		};
		13DBCEF12410B14900D99014 /* ZXScrollPageView */ = {
			isa = PBXGroup;
			children = (
				13DBCEF22410B14900D99014 /* ZXCategorySliderBar.h */,
				13DBCEF32410B14900D99014 /* ZXPageCollectionView.m */,
				13DBCEF42410B14900D99014 /* ZXCategoryItemView.h */,
				13DBCEF52410B14900D99014 /* ZXCategorySliderBar.m */,
				13DBCEF62410B14900D99014 /* ZXCategoryItemView.xib */,
				13DBCEF72410B14900D99014 /* ZXCategoryItemView.m */,
				13DBCEF82410B14900D99014 /* ZXPageCollectionView.h */,
			);
			path = ZXScrollPageView;
			sourceTree = "<group>";
		};
		13DBCEF92410B14900D99014 /* AppWriteLogFile */ = {
			isa = PBXGroup;
			children = (
				13DBCEFA2410B14900D99014 /* AppWriteLogGetFile.h */,
				13DBCEFB2410B14900D99014 /* AppWriteLogGetDate.h */,
				13DBCEFC2410B14900D99014 /* AppLogFileDate.h */,
				13DBCEFD2410B14900D99014 /* AppWriteLogToFile.m */,
				13DBCEFE2410B14900D99014 /* AppWriteLogGetDate.m */,
				13DBCEFF2410B14900D99014 /* AppWriteLogGetFile.m */,
				13DBCF002410B14900D99014 /* AppWriteLogToFile.h */,
				13DBCF012410B14900D99014 /* AppLogFileDate.m */,
			);
			path = AppWriteLogFile;
			sourceTree = "<group>";
		};
		13DBCF152410B15500D99014 /* Category */ = {
			isa = PBXGroup;
			children = (
				13DBCF162410B15500D99014 /* UIApplication+TopController.m */,
				13DBCF172410B15500D99014 /* NSString+Extension.h */,
				13DBCF182410B15500D99014 /* UIControl+EventInterval.h */,
				13DBCF192410B15500D99014 /* UIPickerView+MalPicker.m */,
				13DBCF1A2410B15500D99014 /* UITextField+customView.m */,
				13DBCF1B2410B15500D99014 /* UIView+GetSuperVC.m */,
				13DBCF1C2410B15500D99014 /* NSObject+FileCache.m */,
				13DBCF1D2410B15500D99014 /* NSObject+Time.h */,
				13DBCF1E2410B15500D99014 /* UITextField+ToolBar.m */,
				13DBCF1F2410B15500D99014 /* UIViewController+Navigation.m */,
				13DBCF202410B15500D99014 /* UIViewController+VCJump.h */,
				13DBCF212410B15500D99014 /* NSObject+Observer.m */,
				13DBCF222410B15500D99014 /* UINavigationController+NavigationBar.h */,
				13DBCF232410B15500D99014 /* UIView+Radius.h */,
				13DBCF242410B15500D99014 /* UIButton+CustomBtn.h */,
				13DBCF252410B15500D99014 /* UIButton+Timer.m */,
				13DBCF262410B15500D99014 /* NSString+JSEscape.m */,
				13DBCF272410B15500D99014 /* UIApplication+TopController.h */,
				13DBCF282410B15500D99014 /* UIPickerView+MalPicker.h */,
				13DBCF292410B15500D99014 /* UIControl+EventInterval.m */,
				13DBCF2A2410B15500D99014 /* NSString+Extension.m */,
				13DBCF2B2410B15500D99014 /* UIViewController+Navigation.h */,
				13DBCF2C2410B15500D99014 /* UITextField+ToolBar.h */,
				13DBCF2D2410B15500D99014 /* NSObject+Time.m */,
				13DBCF2E2410B15500D99014 /* NSObject+FileCache.h */,
				13DBCF2F2410B15500D99014 /* UITextField+customView.h */,
				13DBCF302410B15500D99014 /* UIView+GetSuperVC.h */,
				13DBCF312410B15500D99014 /* NSString+JSEscape.h */,
				13DBCF322410B15500D99014 /* UIButton+Timer.h */,
				13DBCF332410B15500D99014 /* UIButton+CustomBtn.m */,
				13DBCF342410B15500D99014 /* UIView+Radius.m */,
				13DBCF352410B15500D99014 /* UINavigationController+NavigationBar.m */,
				13DBCF362410B15500D99014 /* NSObject+Observer.h */,
				13DBCF372410B15500D99014 /* UIViewController+VCJump.m */,
			);
			path = Category;
			sourceTree = "<group>";
		};
		13DBCF4A2410B29900D99014 /* Base */ = {
			isa = PBXGroup;
			children = (
				13DBCF4C2410B45D00D99014 /* MainViewController */,
			);
			path = Base;
			sourceTree = "<group>";
		};
		13DBCF4B2410B2A000D99014 /* Modules */ = {
			isa = PBXGroup;
			children = (
			);
			path = Modules;
			sourceTree = "<group>";
		};
		13DBCF4C2410B45D00D99014 /* MainViewController */ = {
			isa = PBXGroup;
			children = (
				13DBCF502410B48300D99014 /* Model */,
				13DBCF4F2410B47E00D99014 /* View */,
				13DBCF4E2410B47200D99014 /* VM */,
				13DBCF4D2410B46C00D99014 /* VC */,
			);
			path = MainViewController;
			sourceTree = "<group>";
		};
		13DBCF4D2410B46C00D99014 /* VC */ = {
			isa = PBXGroup;
			children = (
				13DBCF512410B4A000D99014 /* MPMainViewController.h */,
				13DBCF522410B4A000D99014 /* MPMainViewController.m */,
				13DBCF532410B4A000D99014 /* MPMainViewController.xib */,
			);
			path = VC;
			sourceTree = "<group>";
		};
		13DBCF4E2410B47200D99014 /* VM */ = {
			isa = PBXGroup;
			children = (
			);
			path = VM;
			sourceTree = "<group>";
		};
		13DBCF4F2410B47E00D99014 /* View */ = {
			isa = PBXGroup;
			children = (
			);
			path = View;
			sourceTree = "<group>";
		};
		13DBCF502410B48300D99014 /* Model */ = {
			isa = PBXGroup;
			children = (
			);
			path = Model;
			sourceTree = "<group>";
		};
		14F794EDC6E732A7C804EA9E /* Frameworks */ = {
			isa = PBXGroup;
			children = (
				D9FA7FBBA9430BAC7FDDE84E /* Pods_MeiPian.framework */,
			);
			name = Frameworks;
			sourceTree = "<group>";
		};
		389C1036CA752CAFA5B88110 /* Pods */ = {
			isa = PBXGroup;
			children = (
				DBC2C69CDB1617B584547302 /* Pods-MeiPian.debug.xcconfig */,
				ED8F50901CA41EECD63E57EC /* Pods-MeiPian.release.xcconfig */,
			);
			path = Pods;
			sourceTree = "<group>";
		};
/* End PBXGroup section */

/* Begin PBXNativeTarget section */
		13DBCEA32410A98B00D99014 /* MeiPian */ = {
			isa = PBXNativeTarget;
			buildConfigurationList = 13DBCEBD2410A98E00D99014 /* Build configuration list for PBXNativeTarget "MeiPian" */;
			buildPhases = (
				B81103B366E6593E9AADF821 /* [CP] Check Pods Manifest.lock */,
				13DBCEA02410A98B00D99014 /* Sources */,
				13DBCEA12410A98B00D99014 /* Frameworks */,
				13DBCEA22410A98B00D99014 /* Resources */,
				B9CEE5FD672E08AAE79F784E /* [CP] Embed Pods Frameworks */,
			);
			buildRules = (
			);
			dependencies = (
			);
			name = MeiPian;
			productName = MeiPian;
			productReference = 13DBCEA42410A98B00D99014 /* MeiPian.app */;
			productType = "com.apple.product-type.application";
		};
/* End PBXNativeTarget section */

/* Begin PBXProject section */
		13DBCE9C2410A98B00D99014 /* Project object */ = {
			isa = PBXProject;
			attributes = {
				LastUpgradeCheck = 1130;
				ORGANIZATIONNAME = EGLS_BMAC;
				TargetAttributes = {
					13DBCEA32410A98B00D99014 = {
						CreatedOnToolsVersion = 11.3.1;
					};
				};
			};
			buildConfigurationList = 13DBCE9F2410A98B00D99014 /* Build configuration list for PBXProject "MeiPian" */;
			compatibilityVersion = "Xcode 9.3";
			developmentRegion = en;
			hasScannedForEncodings = 0;
			knownRegions = (
				en,
				Base,
			);
			mainGroup = 13DBCE9B2410A98B00D99014;
			productRefGroup = 13DBCEA52410A98B00D99014 /* Products */;
			projectDirPath = "";
			projectRoot = "";
			targets = (
				13DBCEA32410A98B00D99014 /* MeiPian */,
			);
		};
/* End PBXProject section */

/* Begin PBXResourcesBuildPhase section */
		13DBCEA22410A98B00D99014 /* Resources */ = {
			isa = PBXResourcesBuildPhase;
			buildActionMask = 2147483647;
			files = (
				13DBCEB72410A98E00D99014 /* LaunchScreen.storyboard in Resources */,
				13DBCF0F2410B14900D99014 /* ZXCategoryItemView.xib in Resources */,
				13DBCF552410B4A000D99014 /* MPMainViewController.xib in Resources */,
				13DBCEB42410A98E00D99014 /* Assets.xcassets in Resources */,
			);
			runOnlyForDeploymentPostprocessing = 0;
		};
/* End PBXResourcesBuildPhase section */

/* Begin PBXShellScriptBuildPhase section */
		B81103B366E6593E9AADF821 /* [CP] Check Pods Manifest.lock */ = {
			isa = PBXShellScriptBuildPhase;
			buildActionMask = 2147483647;
			files = (
			);
			inputFileListPaths = (
			);
			inputPaths = (
				"${PODS_PODFILE_DIR_PATH}/Podfile.lock",
				"${PODS_ROOT}/Manifest.lock",
			);
			name = "[CP] Check Pods Manifest.lock";
			outputFileListPaths = (
			);
			outputPaths = (
				"$(DERIVED_FILE_DIR)/Pods-MeiPian-checkManifestLockResult.txt",
			);
			runOnlyForDeploymentPostprocessing = 0;
			shellPath = /bin/sh;
			shellScript = "diff \"${PODS_PODFILE_DIR_PATH}/Podfile.lock\" \"${PODS_ROOT}/Manifest.lock\" > /dev/null\nif [ $? != 0 ] ; then\n    # print error to STDERR\n    echo \"error: The sandbox is not in sync with the Podfile.lock. Run 'pod install' or update your CocoaPods installation.\" >&2\n    exit 1\nfi\n# This output is used by Xcode 'outputs' to avoid re-running this script phase.\necho \"SUCCESS\" > \"${SCRIPT_OUTPUT_FILE_0}\"\n";
			showEnvVarsInLog = 0;
		};
		B9CEE5FD672E08AAE79F784E /* [CP] Embed Pods Frameworks */ = {
			isa = PBXShellScriptBuildPhase;
			buildActionMask = 2147483647;
			files = (
			);
			inputFileListPaths = (
				"${PODS_ROOT}/Target Support Files/Pods-MeiPian/Pods-MeiPian-frameworks-${CONFIGURATION}-input-files.xcfilelist",
			);
			name = "[CP] Embed Pods Frameworks";
			outputFileListPaths = (
				"${PODS_ROOT}/Target Support Files/Pods-MeiPian/Pods-MeiPian-frameworks-${CONFIGURATION}-output-files.xcfilelist",
			);
			runOnlyForDeploymentPostprocessing = 0;
			shellPath = /bin/sh;
			shellScript = "\"${PODS_ROOT}/Target Support Files/Pods-MeiPian/Pods-MeiPian-frameworks.sh\"\n";
			showEnvVarsInLog = 0;
		};
/* End PBXShellScriptBuildPhase section */

/* Begin PBXSourcesBuildPhase section */
		13DBCEA02410A98B00D99014 /* Sources */ = {
			isa = PBXSourcesBuildPhase;
			buildActionMask = 2147483647;
			files = (
				13DBCF412410B15500D99014 /* NSString+JSEscape.m in Sources */,
				13DBCF422410B15500D99014 /* UIControl+EventInterval.m in Sources */,
				13DBCF542410B4A000D99014 /* MPMainViewController.m in Sources */,
				13DBCF072410B14900D99014 /* UIScrollView+EmptyDataSet.m in Sources */,
				13DBCF052410B14900D99014 /* AppCycleScrollviewFlowLayout.m in Sources */,
				13DBCF022410B14900D99014 /* AppCycleScrollview.m in Sources */,
				13DBCED42410B12A00D99014 /* TelePhoneTextField.m in Sources */,
				13DBCF382410B15500D99014 /* UIApplication+TopController.m in Sources */,
				13DBCF0C2410B14900D99014 /* MBHUDToastManager.m in Sources */,
				13DBCF462410B15500D99014 /* UIView+Radius.m in Sources */,
				13DBCF3E2410B15500D99014 /* UIViewController+Navigation.m in Sources */,
				13DBCF122410B14900D99014 /* AppWriteLogGetDate.m in Sources */,
				13DBCEA92410A98B00D99014 /* AppDelegate.m in Sources */,
				13DBCF142410B14900D99014 /* AppLogFileDate.m in Sources */,
				13DBCF3D2410B15500D99014 /* UITextField+ToolBar.m in Sources */,
				13DBCF102410B14900D99014 /* ZXCategoryItemView.m in Sources */,
				13DBCEBA2410A98E00D99014 /* main.m in Sources */,
				13DBCF3A2410B15500D99014 /* UITextField+customView.m in Sources */,
				13DBCF442410B15500D99014 /* NSObject+Time.m in Sources */,
				13DBCF392410B15500D99014 /* UIPickerView+MalPicker.m in Sources */,
				13DBCF062410B14900D99014 /* UIView+AutoLayout.m in Sources */,
				13DBCF3C2410B15500D99014 /* NSObject+FileCache.m in Sources */,
				13DBCF402410B15500D99014 /* UIButton+Timer.m in Sources */,
				13DBCF432410B15500D99014 /* NSString+Extension.m in Sources */,
				13DBCF3F2410B15500D99014 /* NSObject+Observer.m in Sources */,
				13DBCEC62410AFC200D99014 /* AppDelegate+CatchCrash.m in Sources */,
				13DBCF482410B15500D99014 /* UIViewController+VCJump.m in Sources */,
				13DBCF0A2410B14900D99014 /* YZModulesMsgSend.m in Sources */,
				13DBCF472410B15500D99014 /* UINavigationController+NavigationBar.m in Sources */,
				13DBCF092410B14900D99014 /* RuntimeTool.m in Sources */,
				13DBCF132410B14900D99014 /* AppWriteLogGetFile.m in Sources */,
				13DBCF032410B14900D99014 /* AppPageControl.m in Sources */,
				13DBCF0D2410B14900D99014 /* ZXPageCollectionView.m in Sources */,
				13DBCECE2410B09500D99014 /* AppFileManager.m in Sources */,
				13DBCF0B2410B14900D99014 /* YZBackupMessage.m in Sources */,
				13DBCF082410B14900D99014 /* Reachability.m in Sources */,
				13DBCF0E2410B14900D99014 /* ZXCategorySliderBar.m in Sources */,
				13DBCF3B2410B15500D99014 /* UIView+GetSuperVC.m in Sources */,
				13DBCF042410B14900D99014 /* AppCycleCollectionViewCell.m in Sources */,
				13DBCF452410B15500D99014 /* UIButton+CustomBtn.m in Sources */,
				13DBCF112410B14900D99014 /* AppWriteLogToFile.m in Sources */,
			);
			runOnlyForDeploymentPostprocessing = 0;
		};
/* End PBXSourcesBuildPhase section */

/* Begin PBXVariantGroup section */
		13DBCEB52410A98E00D99014 /* LaunchScreen.storyboard */ = {
			isa = PBXVariantGroup;
			children = (
				13DBCEB62410A98E00D99014 /* Base */,
			);
			name = LaunchScreen.storyboard;
			sourceTree = "<group>";
		};
/* End PBXVariantGroup section */

/* Begin XCBuildConfiguration section */
		13DBCEBB2410A98E00D99014 /* Debug */ = {
			isa = XCBuildConfiguration;
			buildSettings = {
				ALWAYS_SEARCH_USER_PATHS = NO;
				CLANG_ANALYZER_NONNULL = YES;
				CLANG_ANALYZER_NUMBER_OBJECT_CONVERSION = YES_AGGRESSIVE;
				CLANG_CXX_LANGUAGE_STANDARD = "gnu++14";
				CLANG_CXX_LIBRARY = "libc++";
				CLANG_ENABLE_MODULES = YES;
				CLANG_ENABLE_OBJC_ARC = YES;
				CLANG_ENABLE_OBJC_WEAK = YES;
				CLANG_WARN_BLOCK_CAPTURE_AUTORELEASING = YES;
				CLANG_WARN_BOOL_CONVERSION = YES;
				CLANG_WARN_COMMA = YES;
				CLANG_WARN_CONSTANT_CONVERSION = YES;
				CLANG_WARN_DEPRECATED_OBJC_IMPLEMENTATIONS = YES;
				CLANG_WARN_DIRECT_OBJC_ISA_USAGE = YES_ERROR;
				CLANG_WARN_DOCUMENTATION_COMMENTS = YES;
				CLANG_WARN_EMPTY_BODY = YES;
				CLANG_WARN_ENUM_CONVERSION = YES;
				CLANG_WARN_INFINITE_RECURSION = YES;
				CLANG_WARN_INT_CONVERSION = YES;
				CLANG_WARN_NON_LITERAL_NULL_CONVERSION = YES;
				CLANG_WARN_OBJC_IMPLICIT_RETAIN_SELF = YES;
				CLANG_WARN_OBJC_LITERAL_CONVERSION = YES;
				CLANG_WARN_OBJC_ROOT_CLASS = YES_ERROR;
				CLANG_WARN_RANGE_LOOP_ANALYSIS = YES;
				CLANG_WARN_STRICT_PROTOTYPES = YES;
				CLANG_WARN_SUSPICIOUS_MOVE = YES;
				CLANG_WARN_UNGUARDED_AVAILABILITY = YES_AGGRESSIVE;
				CLANG_WARN_UNREACHABLE_CODE = YES;
				CLANG_WARN__DUPLICATE_METHOD_MATCH = YES;
				COPY_PHASE_STRIP = NO;
				DEBUG_INFORMATION_FORMAT = dwarf;
				ENABLE_STRICT_OBJC_MSGSEND = YES;
				ENABLE_TESTABILITY = YES;
				GCC_C_LANGUAGE_STANDARD = gnu11;
				GCC_DYNAMIC_NO_PIC = NO;
				GCC_NO_COMMON_BLOCKS = YES;
				GCC_OPTIMIZATION_LEVEL = 0;
				GCC_PREPROCESSOR_DEFINITIONS = (
					"DEBUG=1",
					"$(inherited)",
				);
				GCC_WARN_64_TO_32_BIT_CONVERSION = YES;
				GCC_WARN_ABOUT_RETURN_TYPE = YES_ERROR;
				GCC_WARN_UNDECLARED_SELECTOR = YES;
				GCC_WARN_UNINITIALIZED_AUTOS = YES_AGGRESSIVE;
				GCC_WARN_UNUSED_FUNCTION = YES;
				GCC_WARN_UNUSED_VARIABLE = YES;
				IPHONEOS_DEPLOYMENT_TARGET = 13.2;
				MTL_ENABLE_DEBUG_INFO = INCLUDE_SOURCE;
				MTL_FAST_MATH = YES;
				ONLY_ACTIVE_ARCH = YES;
				SDKROOT = iphoneos;
			};
			name = Debug;
		};
		13DBCEBC2410A98E00D99014 /* Release */ = {
			isa = XCBuildConfiguration;
			buildSettings = {
				ALWAYS_SEARCH_USER_PATHS = NO;
				CLANG_ANALYZER_NONNULL = YES;
				CLANG_ANALYZER_NUMBER_OBJECT_CONVERSION = YES_AGGRESSIVE;
				CLANG_CXX_LANGUAGE_STANDARD = "gnu++14";
				CLANG_CXX_LIBRARY = "libc++";
				CLANG_ENABLE_MODULES = YES;
				CLANG_ENABLE_OBJC_ARC = YES;
				CLANG_ENABLE_OBJC_WEAK = YES;
				CLANG_WARN_BLOCK_CAPTURE_AUTORELEASING = YES;
				CLANG_WARN_BOOL_CONVERSION = YES;
				CLANG_WARN_COMMA = YES;
				CLANG_WARN_CONSTANT_CONVERSION = YES;
				CLANG_WARN_DEPRECATED_OBJC_IMPLEMENTATIONS = YES;
				CLANG_WARN_DIRECT_OBJC_ISA_USAGE = YES_ERROR;
				CLANG_WARN_DOCUMENTATION_COMMENTS = YES;
				CLANG_WARN_EMPTY_BODY = YES;
				CLANG_WARN_ENUM_CONVERSION = YES;
				CLANG_WARN_INFINITE_RECURSION = YES;
				CLANG_WARN_INT_CONVERSION = YES;
				CLANG_WARN_NON_LITERAL_NULL_CONVERSION = YES;
				CLANG_WARN_OBJC_IMPLICIT_RETAIN_SELF = YES;
				CLANG_WARN_OBJC_LITERAL_CONVERSION = YES;
				CLANG_WARN_OBJC_ROOT_CLASS = YES_ERROR;
				CLANG_WARN_RANGE_LOOP_ANALYSIS = YES;
				CLANG_WARN_STRICT_PROTOTYPES = YES;
				CLANG_WARN_SUSPICIOUS_MOVE = YES;
				CLANG_WARN_UNGUARDED_AVAILABILITY = YES_AGGRESSIVE;
				CLANG_WARN_UNREACHABLE_CODE = YES;
				CLANG_WARN__DUPLICATE_METHOD_MATCH = YES;
				COPY_PHASE_STRIP = NO;
				DEBUG_INFORMATION_FORMAT = "dwarf-with-dsym";
				ENABLE_NS_ASSERTIONS = NO;
				ENABLE_STRICT_OBJC_MSGSEND = YES;
				GCC_C_LANGUAGE_STANDARD = gnu11;
				GCC_NO_COMMON_BLOCKS = YES;
				GCC_WARN_64_TO_32_BIT_CONVERSION = YES;
				GCC_WARN_ABOUT_RETURN_TYPE = YES_ERROR;
				GCC_WARN_UNDECLARED_SELECTOR = YES;
				GCC_WARN_UNINITIALIZED_AUTOS = YES_AGGRESSIVE;
				GCC_WARN_UNUSED_FUNCTION = YES;
				GCC_WARN_UNUSED_VARIABLE = YES;
				IPHONEOS_DEPLOYMENT_TARGET = 13.2;
				MTL_ENABLE_DEBUG_INFO = NO;
				MTL_FAST_MATH = YES;
				SDKROOT = iphoneos;
				VALIDATE_PRODUCT = YES;
			};
			name = Release;
		};
		13DBCEBE2410A98E00D99014 /* Debug */ = {
			isa = XCBuildConfiguration;
			baseConfigurationReference = DBC2C69CDB1617B584547302 /* Pods-MeiPian.debug.xcconfig */;
			buildSettings = {
				ASSETCATALOG_COMPILER_APPICON_NAME = AppIcon;
				CODE_SIGN_STYLE = Automatic;
				DEVELOPMENT_TEAM = GJXZ73B365;
				GCC_PRECOMPILE_PREFIX_HEADER = YES;
				GCC_PREFIX_HEADER = "$(SRCROOT)/MeiPian/ProjectSupportFiles/PrefixHeader.pch";
				INFOPLIST_FILE = MeiPian/ProjectSupportFiles/Info.plist;
				IPHONEOS_DEPLOYMENT_TARGET = 9.0;
				LD_RUNPATH_SEARCH_PATHS = (
					"$(inherited)",
					"@executable_path/Frameworks",
				);
				PRODUCT_BUNDLE_IDENTIFIER = elgs.MeiPian;
				PRODUCT_NAME = "$(TARGET_NAME)";
				TARGETED_DEVICE_FAMILY = 1;
			};
			name = Debug;
		};
		13DBCEBF2410A98E00D99014 /* Release */ = {
			isa = XCBuildConfiguration;
			baseConfigurationReference = ED8F50901CA41EECD63E57EC /* Pods-MeiPian.release.xcconfig */;
			buildSettings = {
				ASSETCATALOG_COMPILER_APPICON_NAME = AppIcon;
				CODE_SIGN_STYLE = Automatic;
				DEVELOPMENT_TEAM = GJXZ73B365;
				GCC_PRECOMPILE_PREFIX_HEADER = YES;
				GCC_PREFIX_HEADER = "$(SRCROOT)/MeiPian/ProjectSupportFiles/PrefixHeader.pch";
				INFOPLIST_FILE = MeiPian/ProjectSupportFiles/Info.plist;
				IPHONEOS_DEPLOYMENT_TARGET = 9.0;
				LD_RUNPATH_SEARCH_PATHS = (
					"$(inherited)",
					"@executable_path/Frameworks",
				);
				PRODUCT_BUNDLE_IDENTIFIER = elgs.MeiPian;
				PRODUCT_NAME = "$(TARGET_NAME)";
				TARGETED_DEVICE_FAMILY = 1;
			};
			name = Release;
		};
/* End XCBuildConfiguration section */

/* Begin XCConfigurationList section */
		13DBCE9F2410A98B00D99014 /* Build configuration list for PBXProject "MeiPian" */ = {
			isa = XCConfigurationList;
			buildConfigurations = (
				13DBCEBB2410A98E00D99014 /* Debug */,
				13DBCEBC2410A98E00D99014 /* Release */,
			);
			defaultConfigurationIsVisible = 0;
			defaultConfigurationName = Release;
		};
		13DBCEBD2410A98E00D99014 /* Build configuration list for PBXNativeTarget "MeiPian" */ = {
			isa = XCConfigurationList;
			buildConfigurations = (
				13DBCEBE2410A98E00D99014 /* Debug */,
				13DBCEBF2410A98E00D99014 /* Release */,
			);
			defaultConfigurationIsVisible = 0;
			defaultConfigurationName = Release;
		};
/* End XCConfigurationList section */
	};
	rootObject = 13DBCE9C2410A98B00D99014 /* Project object */;
}
